
Microsoft Visual Studio Solution File, Format Version 12.00
# Visual Studio Version 17
VisualStudioVersion = 17.4.33213.308
MinimumVisualStudioVersion = 10.0.40219.1
Project("{9A19103F-16F7-4668-BE54-9A1E7A4F7556}") = "ShopyList", "ShopyList\ShopyList.csproj", "{73CB045C-5F4B-4830-A919-25D4DD616759}"
EndProject
Project("{9A19103F-16F7-4668-BE54-9A1E7A4F7556}") = "ShopyList.DataAccess", "ShopyList.DataAccess\ShopyList.DataAccess.csproj", "{B054199E-1186-4094-BD80-6CFA2C2BE16C}"
EndProject
Project("{FAE04EC0-301F-11D3-BF4B-00C04F79EFBC}") = "ShopyList.ApplicationServices", "ShopyList.ApplicationServices\ShopyList.ApplicationServices.csproj", "{B498D806-9676-42DC-96F1-39C756889818}"
EndProject
Global
	GlobalSection(SolutionConfigurationPlatforms) = preSolution
		Debug|Any CPU = Debug|Any CPU
		Release|Any CPU = Release|Any CPU
	EndGlobalSection
	GlobalSection(ProjectConfigurationPlatforms) = postSolution
		{73CB045C-5F4B-4830-A919-25D4DD616759}.Debug|Any CPU.ActiveCfg = Debug|Any CPU
		{73CB045C-5F4B-4830-A919-25D4DD616759}.Debug|Any CPU.Build.0 = Debug|Any CPU
		{73CB045C-5F4B-4830-A919-25D4DD616759}.Release|Any CPU.ActiveCfg = Release|Any CPU
		{73CB045C-5F4B-4830-A919-25D4DD616759}.Release|Any CPU.Build.0 = Release|Any CPU
		{B054199E-1186-4094-BD80-6CFA2C2BE16C}.Debug|Any CPU.ActiveCfg = Debug|Any CPU
		{B054199E-1186-4094-BD80-6CFA2C2BE16C}.Debug|Any CPU.Build.0 = Debug|Any CPU
		{B054199E-1186-4094-BD80-6CFA2C2BE16C}.Release|Any CPU.ActiveCfg = Release|Any CPU
		{B054199E-1186-4094-BD80-6CFA2C2BE16C}.Release|Any CPU.Build.0 = Release|Any CPU
		{B498D806-9676-42DC-96F1-39C756889818}.Debug|Any CPU.ActiveCfg = Debug|Any CPU
		{B498D806-9676-42DC-96F1-39C756889818}.Debug|Any CPU.Build.0 = Debug|Any CPU
		{B498D806-9676-42DC-96F1-39C756889818}.Release|Any CPU.ActiveCfg = Release|Any CPU
		{B498D806-9676-42DC-96F1-39C756889818}.Release|Any CPU.Build.0 = Release|Any CPU
	EndGlobalSection
	GlobalSection(SolutionProperties) = preSolution
		HideSolutionNode = FALSE
	EndGlobalSection
	GlobalSection(ExtensibilityGlobals) = postSolution
		SolutionGuid = {55AC47B0-10C1-4001-AFF4-8AF2822895B1}
	EndGlobalSection
EndGlobal
